[[package]]
name = "bench2"
version = "0.3.0"
dependencies = [
 "foropts 0.3.2-pre (git+https://github.com/tov/foropts-rs.git)",
]

[[package]]
name = "foropts"
version = "0.3.2-pre"
source = "git+https://github.com/tov/foropts-rs.git#743d1f0b50f4da4499a0bcaaf9af422eb05af236"

[metadata]
"checksum foropts 0.3.2-pre (git+https://github.com/tov/foropts-rs.git)" = "<none>"
