[[package]]
name = "bench2"
version = "0.2.0"
dependencies = [
 "foropts 0.2.1 (registry+https://github.com/rust-lang/crates.io-index)",
]

[[package]]
name = "foropts"
version = "0.2.1"
source = "registry+https://github.com/rust-lang/crates.io-index"

[metadata]
"checksum foropts 0.2.1 (registry+https://github.com/rust-lang/crates.io-index)" = "2f1c36cccf6534215cda4499de4110719641412ba8900c9335e77a8e689a43e6"
